
Microsoft Visual Studio Solution File, Format Version 12.00
# Visual Studio Version 17
VisualStudioVersion = 17.2.32616.157
MinimumVisualStudioVersion = 10.0.40219.1
Project("{9A19103F-16F7-4668-BE54-9A1E7A4F7556}") = "MercadoZe.ConsoleApp", "MercadoZe.ConsoleApp\MercadoZe.ConsoleApp.csproj", "{125185FB-B50F-472D-AA24-B84F087ED932}"
EndProject
Project("{9A19103F-16F7-4668-BE54-9A1E7A4F7556}") = "MercadoZe.Domain", "MercadoZe.Classes\MercadoZe.Domain.csproj", "{5E5E63B5-EF21-44E1-96A5-27A754BF7404}"
EndProject
Project("{FAE04EC0-301F-11D3-BF4B-00C04F79EFBC}") = "MercadoZe.Intran.Data", "MercadoZe.Intran.Data\MercadoZe.Intran.Data.csproj", "{A175A444-CAE0-4A7E-A567-19E3979CB860}"
EndProject
Global
	GlobalSection(SolutionConfigurationPlatforms) = preSolution
		Debug|Any CPU = Debug|Any CPU
		Release|Any CPU = Release|Any CPU
	EndGlobalSection
	GlobalSection(ProjectConfigurationPlatforms) = postSolution
		{125185FB-B50F-472D-AA24-B84F087ED932}.Debug|Any CPU.ActiveCfg = Debug|Any CPU
		{125185FB-B50F-472D-AA24-B84F087ED932}.Debug|Any CPU.Build.0 = Debug|Any CPU
		{125185FB-B50F-472D-AA24-B84F087ED932}.Release|Any CPU.ActiveCfg = Release|Any CPU
		{125185FB-B50F-472D-AA24-B84F087ED932}.Release|Any CPU.Build.0 = Release|Any CPU
		{5E5E63B5-EF21-44E1-96A5-27A754BF7404}.Debug|Any CPU.ActiveCfg = Debug|Any CPU
		{5E5E63B5-EF21-44E1-96A5-27A754BF7404}.Debug|Any CPU.Build.0 = Debug|Any CPU
		{5E5E63B5-EF21-44E1-96A5-27A754BF7404}.Release|Any CPU.ActiveCfg = Release|Any CPU
		{5E5E63B5-EF21-44E1-96A5-27A754BF7404}.Release|Any CPU.Build.0 = Release|Any CPU
		{A175A444-CAE0-4A7E-A567-19E3979CB860}.Debug|Any CPU.ActiveCfg = Debug|Any CPU
		{A175A444-CAE0-4A7E-A567-19E3979CB860}.Debug|Any CPU.Build.0 = Debug|Any CPU
		{A175A444-CAE0-4A7E-A567-19E3979CB860}.Release|Any CPU.ActiveCfg = Release|Any CPU
		{A175A444-CAE0-4A7E-A567-19E3979CB860}.Release|Any CPU.Build.0 = Release|Any CPU
	EndGlobalSection
	GlobalSection(SolutionProperties) = preSolution
		HideSolutionNode = FALSE
	EndGlobalSection
	GlobalSection(ExtensibilityGlobals) = postSolution
		SolutionGuid = {6A4DD227-58A7-4BA6-A000-C522ED25FB99}
	EndGlobalSection
EndGlobal
